
Microsoft Visual Studio Solution File, Format Version 12.00
# Visual Studio Version 17
VisualStudioVersion = 17.0.31903.59
MinimumVisualStudioVersion = 10.0.40219.1
Project("{2150E333-8FDC-42A3-9474-1A3956D46DE8}") = "src", "src", "{827E0CD3-B72D-47B6-A68D-7590B98EB39B}"
EndProject
Project("{FAE04EC0-301F-11D3-BF4B-00C04F79EFBC}") = "LaserGRBL.Core", "src\LaserGRBL.Core\LaserGRBL.Core.csproj", "{0205B906-A243-4574-87B2-4E2D6E1DBECF}"
EndProject
Project("{FAE04EC0-301F-11D3-BF4B-00C04F79EFBC}") = "LaserGRBL.Imaging", "src\LaserGRBL.Imaging\LaserGRBL.Imaging.csproj", "{F0B237D8-C19F-4584-AC45-AD3304BFB369}"
EndProject
Project("{FAE04EC0-301F-11D3-BF4B-00C04F79EFBC}") = "LaserGRBL.Platform", "src\LaserGRBL.Platform\LaserGRBL.Platform.csproj", "{55F6761B-B63F-46DF-9796-1253578A7E77}"
EndProject
Project("{FAE04EC0-301F-11D3-BF4B-00C04F79EFBC}") = "LaserGRBL.App", "src\LaserGRBL.App\LaserGRBL.App.csproj", "{1AA7459C-8659-48D2-B76A-5B33DAFBFA6E}"
EndProject
Project("{2150E333-8FDC-42A3-9474-1A3956D46DE8}") = "tests", "tests", "{0AB3BF05-4346-4AA6-1389-037BE0695223}"
EndProject
Project("{FAE04EC0-301F-11D3-BF4B-00C04F79EFBC}") = "LaserGRBL.Tests", "tests\LaserGRBL.Tests\LaserGRBL.Tests.csproj", "{306FF3D1-0118-447C-A3C2-4BCC73A975F1}"
EndProject
Global
	GlobalSection(SolutionConfigurationPlatforms) = preSolution
		Debug|Any CPU = Debug|Any CPU
		Debug|x64 = Debug|x64
		Debug|x86 = Debug|x86
		Release|Any CPU = Release|Any CPU
		Release|x64 = Release|x64
		Release|x86 = Release|x86
	EndGlobalSection
	GlobalSection(ProjectConfigurationPlatforms) = postSolution
		{0205B906-A243-4574-87B2-4E2D6E1DBECF}.Debug|Any CPU.ActiveCfg = Debug|Any CPU
		{0205B906-A243-4574-87B2-4E2D6E1DBECF}.Debug|Any CPU.Build.0 = Debug|Any CPU
		{0205B906-A243-4574-87B2-4E2D6E1DBECF}.Debug|x64.ActiveCfg = Debug|Any CPU
		{0205B906-A243-4574-87B2-4E2D6E1DBECF}.Debug|x64.Build.0 = Debug|Any CPU
		{0205B906-A243-4574-87B2-4E2D6E1DBECF}.Debug|x86.ActiveCfg = Debug|Any CPU
		{0205B906-A243-4574-87B2-4E2D6E1DBECF}.Debug|x86.Build.0 = Debug|Any CPU
		{0205B906-A243-4574-87B2-4E2D6E1DBECF}.Release|Any CPU.ActiveCfg = Release|Any CPU
		{0205B906-A243-4574-87B2-4E2D6E1DBECF}.Release|Any CPU.Build.0 = Release|Any CPU
		{0205B906-A243-4574-87B2-4E2D6E1DBECF}.Release|x64.ActiveCfg = Release|Any CPU
		{0205B906-A243-4574-87B2-4E2D6E1DBECF}.Release|x64.Build.0 = Release|Any CPU
		{0205B906-A243-4574-87B2-4E2D6E1DBECF}.Release|x86.ActiveCfg = Release|Any CPU
		{0205B906-A243-4574-87B2-4E2D6E1DBECF}.Release|x86.Build.0 = Release|Any CPU
		{F0B237D8-C19F-4584-AC45-AD3304BFB369}.Debug|Any CPU.ActiveCfg = Debug|Any CPU
		{F0B237D8-C19F-4584-AC45-AD3304BFB369}.Debug|Any CPU.Build.0 = Debug|Any CPU
		{F0B237D8-C19F-4584-AC45-AD3304BFB369}.Debug|x64.ActiveCfg = Debug|Any CPU
		{F0B237D8-C19F-4584-AC45-AD3304BFB369}.Debug|x64.Build.0 = Debug|Any CPU
		{F0B237D8-C19F-4584-AC45-AD3304BFB369}.Debug|x86.ActiveCfg = Debug|Any CPU
		{F0B237D8-C19F-4584-AC45-AD3304BFB369}.Debug|x86.Build.0 = Debug|Any CPU
		{F0B237D8-C19F-4584-AC45-AD3304BFB369}.Release|Any CPU.ActiveCfg = Release|Any CPU
		{F0B237D8-C19F-4584-AC45-AD3304BFB369}.Release|Any CPU.Build.0 = Release|Any CPU
		{F0B237D8-C19F-4584-AC45-AD3304BFB369}.Release|x64.ActiveCfg = Release|Any CPU
		{F0B237D8-C19F-4584-AC45-AD3304BFB369}.Release|x64.Build.0 = Release|Any CPU
		{F0B237D8-C19F-4584-AC45-AD3304BFB369}.Release|x86.ActiveCfg = Release|Any CPU
		{F0B237D8-C19F-4584-AC45-AD3304BFB369}.Release|x86.Build.0 = Release|Any CPU
		{55F6761B-B63F-46DF-9796-1253578A7E77}.Debug|Any CPU.ActiveCfg = Debug|Any CPU
		{55F6761B-B63F-46DF-9796-1253578A7E77}.Debug|Any CPU.Build.0 = Debug|Any CPU
		{55F6761B-B63F-46DF-9796-1253578A7E77}.Debug|x64.ActiveCfg = Debug|Any CPU
		{55F6761B-B63F-46DF-9796-1253578A7E77}.Debug|x64.Build.0 = Debug|Any CPU
		{55F6761B-B63F-46DF-9796-1253578A7E77}.Debug|x86.ActiveCfg = Debug|Any CPU
		{55F6761B-B63F-46DF-9796-1253578A7E77}.Debug|x86.Build.0 = Debug|Any CPU
		{55F6761B-B63F-46DF-9796-1253578A7E77}.Release|Any CPU.ActiveCfg = Release|Any CPU
		{55F6761B-B63F-46DF-9796-1253578A7E77}.Release|Any CPU.Build.0 = Release|Any CPU
		{55F6761B-B63F-46DF-9796-1253578A7E77}.Release|x64.ActiveCfg = Release|Any CPU
		{55F6761B-B63F-46DF-9796-1253578A7E77}.Release|x64.Build.0 = Release|Any CPU
		{55F6761B-B63F-46DF-9796-1253578A7E77}.Release|x86.ActiveCfg = Release|Any CPU
		{55F6761B-B63F-46DF-9796-1253578A7E77}.Release|x86.Build.0 = Release|Any CPU
		{1AA7459C-8659-48D2-B76A-5B33DAFBFA6E}.Debug|Any CPU.ActiveCfg = Debug|Any CPU
		{1AA7459C-8659-48D2-B76A-5B33DAFBFA6E}.Debug|Any CPU.Build.0 = Debug|Any CPU
		{1AA7459C-8659-48D2-B76A-5B33DAFBFA6E}.Debug|x64.ActiveCfg = Debug|Any CPU
		{1AA7459C-8659-48D2-B76A-5B33DAFBFA6E}.Debug|x64.Build.0 = Debug|Any CPU
		{1AA7459C-8659-48D2-B76A-5B33DAFBFA6E}.Debug|x86.ActiveCfg = Debug|Any CPU
		{1AA7459C-8659-48D2-B76A-5B33DAFBFA6E}.Debug|x86.Build.0 = Debug|Any CPU
		{1AA7459C-8659-48D2-B76A-5B33DAFBFA6E}.Release|Any CPU.ActiveCfg = Release|Any CPU
		{1AA7459C-8659-48D2-B76A-5B33DAFBFA6E}.Release|Any CPU.Build.0 = Release|Any CPU
		{1AA7459C-8659-48D2-B76A-5B33DAFBFA6E}.Release|x64.ActiveCfg = Release|Any CPU
		{1AA7459C-8659-48D2-B76A-5B33DAFBFA6E}.Release|x64.Build.0 = Release|Any CPU
		{1AA7459C-8659-48D2-B76A-5B33DAFBFA6E}.Release|x86.ActiveCfg = Release|Any CPU
		{1AA7459C-8659-48D2-B76A-5B33DAFBFA6E}.Release|x86.Build.0 = Release|Any CPU
		{306FF3D1-0118-447C-A3C2-4BCC73A975F1}.Debug|Any CPU.ActiveCfg = Debug|Any CPU
		{306FF3D1-0118-447C-A3C2-4BCC73A975F1}.Debug|Any CPU.Build.0 = Debug|Any CPU
		{306FF3D1-0118-447C-A3C2-4BCC73A975F1}.Debug|x64.ActiveCfg = Debug|Any CPU
		{306FF3D1-0118-447C-A3C2-4BCC73A975F1}.Debug|x64.Build.0 = Debug|Any CPU
		{306FF3D1-0118-447C-A3C2-4BCC73A975F1}.Debug|x86.ActiveCfg = Debug|Any CPU
		{306FF3D1-0118-447C-A3C2-4BCC73A975F1}.Debug|x86.Build.0 = Debug|Any CPU
		{306FF3D1-0118-447C-A3C2-4BCC73A975F1}.Release|Any CPU.ActiveCfg = Release|Any CPU
		{306FF3D1-0118-447C-A3C2-4BCC73A975F1}.Release|Any CPU.Build.0 = Release|Any CPU
		{306FF3D1-0118-447C-A3C2-4BCC73A975F1}.Release|x64.ActiveCfg = Release|Any CPU
		{306FF3D1-0118-447C-A3C2-4BCC73A975F1}.Release|x64.Build.0 = Release|Any CPU
		{306FF3D1-0118-447C-A3C2-4BCC73A975F1}.Release|x86.ActiveCfg = Release|Any CPU
		{306FF3D1-0118-447C-A3C2-4BCC73A975F1}.Release|x86.Build.0 = Release|Any CPU
	EndGlobalSection
	GlobalSection(SolutionProperties) = preSolution
		HideSolutionNode = FALSE
	EndGlobalSection
	GlobalSection(NestedProjects) = preSolution
		{0205B906-A243-4574-87B2-4E2D6E1DBECF} = {827E0CD3-B72D-47B6-A68D-7590B98EB39B}
		{F0B237D8-C19F-4584-AC45-AD3304BFB369} = {827E0CD3-B72D-47B6-A68D-7590B98EB39B}
		{55F6761B-B63F-46DF-9796-1253578A7E77} = {827E0CD3-B72D-47B6-A68D-7590B98EB39B}
		{1AA7459C-8659-48D2-B76A-5B33DAFBFA6E} = {827E0CD3-B72D-47B6-A68D-7590B98EB39B}
		{306FF3D1-0118-447C-A3C2-4BCC73A975F1} = {0AB3BF05-4346-4AA6-1389-037BE0695223}
	EndGlobalSection
EndGlobal
